<Solution>
  <Project Path="Heilsunudd.Data\Heilsunudd.Data.csproj" Type="Classic C#" />
  <Project Path="Heilsunudd.Intranet\Heilsunudd.Intranet.csproj" Type="Classic C#">
    <BuildDependency Project="Heilsunudd.Data\Heilsunudd.Data.csproj" />
  </Project>
  <Project Path="Heilsunudd.Portal\Heilsunudd.Portal.csproj">
    <BuildDependency Project="Heilsunudd.Data\Heilsunudd.Data.csproj" />
  </Project>
</Solution>